
Microsoft Visual Studio Solution File, Format Version 12.00
# Visual Studio Version 16
VisualStudioVersion = 16.0.29324.140
MinimumVisualStudioVersion = 10.0.40219.1
Project("{FAE04EC0-301F-11D3-BF4B-00C04F79EFBC}") = "1-PrimeiroProjeto", "ConsoleApp1\1-PrimeiroProjeto.csproj", "{E34C9159-203A-4134-B811-160E27E607EE}"
EndProject
Global
	GlobalSection(SolutionConfigurationPlatforms) = preSolution
		Debug|Any CPU = Debug|Any CPU
		Release|Any CPU = Release|Any CPU
	EndGlobalSection
	GlobalSection(ProjectConfigurationPlatforms) = postSolution
		{E34C9159-203A-4134-B811-160E27E607EE}.Debug|Any CPU.ActiveCfg = Debug|Any CPU
		{E34C9159-203A-4134-B811-160E27E607EE}.Debug|Any CPU.Build.0 = Debug|Any CPU
		{E34C9159-203A-4134-B811-160E27E607EE}.Release|Any CPU.ActiveCfg = Release|Any CPU
		{E34C9159-203A-4134-B811-160E27E607EE}.Release|Any CPU.Build.0 = Release|Any CPU
	EndGlobalSection
	GlobalSection(SolutionProperties) = preSolution
		HideSolutionNode = FALSE
	EndGlobalSection
	GlobalSection(ExtensibilityGlobals) = postSolution
		SolutionGuid = {EACAE8FC-7C2C-47A5-B3EF-5EFF8CFA3625}
	EndGlobalSection
EndGlobal
