
Microsoft Visual Studio Solution File, Format Version 12.00
# Visual Studio Version 16
VisualStudioVersion = 16.0.29324.140
MinimumVisualStudioVersion = 10.0.40219.1
Project("{FAE04EC0-301F-11D3-BF4B-00C04F79EFBC}") = "Vidly", "Vidly\Vidly.csproj", "{294DA8AB-3F0E-4D7C-B1F1-17D7724DF2D2}"
EndProject
Global
	GlobalSection(SolutionConfigurationPlatforms) = preSolution
		Debug|Any CPU = Debug|Any CPU
		Release|Any CPU = Release|Any CPU
	EndGlobalSection
	GlobalSection(ProjectConfigurationPlatforms) = postSolution
		{294DA8AB-3F0E-4D7C-B1F1-17D7724DF2D2}.Debug|Any CPU.ActiveCfg = Debug|Any CPU
		{294DA8AB-3F0E-4D7C-B1F1-17D7724DF2D2}.Debug|Any CPU.Build.0 = Debug|Any CPU
		{294DA8AB-3F0E-4D7C-B1F1-17D7724DF2D2}.Release|Any CPU.ActiveCfg = Release|Any CPU
		{294DA8AB-3F0E-4D7C-B1F1-17D7724DF2D2}.Release|Any CPU.Build.0 = Release|Any CPU
	EndGlobalSection
	GlobalSection(SolutionProperties) = preSolution
		HideSolutionNode = FALSE
	EndGlobalSection
	GlobalSection(ExtensibilityGlobals) = postSolution
		SolutionGuid = {3697EB11-6E30-44DF-9A37-E8F06E2F8FA7}
	EndGlobalSection
EndGlobal
